
Microsoft Visual Studio Solution File, Format Version 12.00
# Visual Studio 15
VisualStudioVersion = 15.0.26730.16
MinimumVisualStudioVersion = 10.0.40219.1
Project("{FAE04EC0-301F-11D3-BF4B-00C04F79EFBC}") = "Maze", "Maze\Maze.csproj", "{B8E4DF98-9138-4CFB-B7B3-0D7180022EC7}"
EndProject
Project("{FAE04EC0-301F-11D3-BF4B-00C04F79EFBC}") = "Maze.Tests", "Maze.Tests\Maze.Tests.csproj", "{62106FC3-2F20-4D5C-850C-9F3BC1DD0BE7}"
EndProject
Project("{FAE04EC0-301F-11D3-BF4B-00C04F79EFBC}") = "Maze.Engine", "Maze.Engine\Maze.Engine.csproj", "{024A5D8F-E257-45BE-9BCE-6D0E6511F434}"
EndProject
Global
	GlobalSection(SolutionConfigurationPlatforms) = preSolution
		Debug|Any CPU = Debug|Any CPU
		Debug|x86 = Debug|x86
		Release|Any CPU = Release|Any CPU
		Release|x86 = Release|x86
	EndGlobalSection
	GlobalSection(ProjectConfigurationPlatforms) = postSolution
		{B8E4DF98-9138-4CFB-B7B3-0D7180022EC7}.Debug|Any CPU.ActiveCfg = Debug|x86
		{B8E4DF98-9138-4CFB-B7B3-0D7180022EC7}.Debug|x86.ActiveCfg = Debug|x86
		{B8E4DF98-9138-4CFB-B7B3-0D7180022EC7}.Debug|x86.Build.0 = Debug|x86
		{B8E4DF98-9138-4CFB-B7B3-0D7180022EC7}.Release|Any CPU.ActiveCfg = Release|x86
		{B8E4DF98-9138-4CFB-B7B3-0D7180022EC7}.Release|x86.ActiveCfg = Release|x86
		{B8E4DF98-9138-4CFB-B7B3-0D7180022EC7}.Release|x86.Build.0 = Release|x86
		{62106FC3-2F20-4D5C-850C-9F3BC1DD0BE7}.Debug|Any CPU.ActiveCfg = Debug|Any CPU
		{62106FC3-2F20-4D5C-850C-9F3BC1DD0BE7}.Debug|Any CPU.Build.0 = Debug|Any CPU
		{62106FC3-2F20-4D5C-850C-9F3BC1DD0BE7}.Debug|x86.ActiveCfg = Debug|Any CPU
		{62106FC3-2F20-4D5C-850C-9F3BC1DD0BE7}.Debug|x86.Build.0 = Debug|Any CPU
		{62106FC3-2F20-4D5C-850C-9F3BC1DD0BE7}.Release|Any CPU.ActiveCfg = Release|Any CPU
		{62106FC3-2F20-4D5C-850C-9F3BC1DD0BE7}.Release|Any CPU.Build.0 = Release|Any CPU
		{62106FC3-2F20-4D5C-850C-9F3BC1DD0BE7}.Release|x86.ActiveCfg = Release|Any CPU
		{62106FC3-2F20-4D5C-850C-9F3BC1DD0BE7}.Release|x86.Build.0 = Release|Any CPU
		{024A5D8F-E257-45BE-9BCE-6D0E6511F434}.Debug|Any CPU.ActiveCfg = Debug|Any CPU
		{024A5D8F-E257-45BE-9BCE-6D0E6511F434}.Debug|Any CPU.Build.0 = Debug|Any CPU
		{024A5D8F-E257-45BE-9BCE-6D0E6511F434}.Debug|x86.ActiveCfg = Debug|Any CPU
		{024A5D8F-E257-45BE-9BCE-6D0E6511F434}.Debug|x86.Build.0 = Debug|Any CPU
		{024A5D8F-E257-45BE-9BCE-6D0E6511F434}.Release|Any CPU.ActiveCfg = Release|Any CPU
		{024A5D8F-E257-45BE-9BCE-6D0E6511F434}.Release|Any CPU.Build.0 = Release|Any CPU
		{024A5D8F-E257-45BE-9BCE-6D0E6511F434}.Release|x86.ActiveCfg = Release|Any CPU
		{024A5D8F-E257-45BE-9BCE-6D0E6511F434}.Release|x86.Build.0 = Release|Any CPU
	EndGlobalSection
	GlobalSection(SolutionProperties) = preSolution
		HideSolutionNode = FALSE
	EndGlobalSection
	GlobalSection(ExtensibilityGlobals) = postSolution
		SolutionGuid = {65290844-C845-481D-A0AA-14B9FED3D70D}
	EndGlobalSection
EndGlobal
